
Microsoft Visual Studio Solution File, Format Version 12.00
# Visual Studio 15
VisualStudioVersion = 15.0.26430.6
MinimumVisualStudioVersion = 10.0.40219.1
Project("{FAE04EC0-301F-11D3-BF4B-00C04F79EFBC}") = "Monit95App.Web", "Monit95App.Web\Monit95App.Web.csproj", "{F0E9BF7F-EA42-4B82-810C-B9FB8763E173}"
EndProject
Project("{FAE04EC0-301F-11D3-BF4B-00C04F79EFBC}") = "Monit95App.ConsoleApp", "АИС МОР. Console\Monit95App.ConsoleApp.csproj", "{6CBC9470-8B83-4569-97E3-30EB7D520F40}"
EndProject
Project("{FAE04EC0-301F-11D3-BF4B-00C04F79EFBC}") = "Reporter", "Reporter\Reporter.csproj", "{A66ECC89-6B2F-4432-8464-BF086D31EA6C}"
EndProject
Project("{2150E333-8FDC-42A3-9474-1A3956D46DE8}") = "Domain", "Domain", "{7BCAB294-45F4-40B6-B34E-7257F19D0A6B}"
EndProject
Project("{FAE04EC0-301F-11D3-BF4B-00C04F79EFBC}") = "Monit95App.Domain.Core", "monit95App.Domain.Core\Monit95App.Domain.Core.csproj", "{84DC3950-0B35-4EB2-B534-93AF0387CCDC}"
EndProject
Project("{FAE04EC0-301F-11D3-BF4B-00C04F79EFBC}") = "Monit95App.Domain.Interfaces", "monit95App.Domain.Interfaces\Monit95App.Domain.Interfaces.csproj", "{CB5E7793-7905-42A4-818D-0212A4EDDA43}"
EndProject
Project("{2150E333-8FDC-42A3-9474-1A3956D46DE8}") = "Infrastructure", "Infrastructure", "{B5863550-5A37-4AF5-86C7-BE2ABBB5CE05}"
EndProject
Project("{FAE04EC0-301F-11D3-BF4B-00C04F79EFBC}") = "Monit95App.Infrastructure.Data", "monit95App.Infrastructure.Data\Monit95App.Infrastructure.Data.csproj", "{F3A784E6-8723-4628-9677-2374BED42492}"
EndProject
Project("{2150E333-8FDC-42A3-9474-1A3956D46DE8}") = "Tests", "Tests", "{A8F3FD56-402C-426A-A576-0026014F6F5B}"
	ProjectSection(SolutionItems) = preProject
		App.config = App.config
	EndProjectSection
EndProject
Project("{2150E333-8FDC-42A3-9474-1A3956D46DE8}") = "Services", "Services", "{B0571893-C8F7-4398-91B2-2EBEE4B33FDF}"
EndProject
Project("{FAE04EC0-301F-11D3-BF4B-00C04F79EFBC}") = "Monit95App.Services.Work", "Monit95App.Services.Work\Monit95App.Services.Work.csproj", "{7DEC6E41-341F-4308-9D88-2F838187D3AD}"
EndProject
Project("{FAE04EC0-301F-11D3-BF4B-00C04F79EFBC}") = "Monit95App.Web.Tests", "Monit95App.Web.Tests\Monit95App.Web.Tests.csproj", "{9D370610-E7DD-4512-850C-F20B9652F8F6}"
EndProject
Project("{FAE04EC0-301F-11D3-BF4B-00C04F79EFBC}") = "Monit95App.Services.Work.Tests", "Monit95App.Services.Work.Tests\Monit95App.Services.Work.Tests.csproj", "{70EFD6D5-BD31-4EC4-B557-89154DF14F2D}"
EndProject
Project("{FAE04EC0-301F-11D3-BF4B-00C04F79EFBC}") = "Monit95App.Services.Report", "Monit95App.Services.Report\Monit95App.Services.Report.csproj", "{29D3A46A-7CA6-4743-BA59-71BD94D8CF34}"
EndProject
Project("{FAE04EC0-301F-11D3-BF4B-00C04F79EFBC}") = "MailRuCloudApi", "Mail.Ru-.net-cloud-client-master\MailRuCloudApi\MailRuCloudApi.csproj", "{75BF5EAC-81A8-4E00-A82E-0BCBD17AC50B}"
EndProject
Project("{FAE04EC0-301F-11D3-BF4B-00C04F79EFBC}") = "Monit95App.Infrastructure.Data.Tests", "Monit95App.Infrastructure.Data.Tests\Monit95App.Infrastructure.Data.Tests.csproj", "{A8CD881C-FCF2-4326-B6BD-B9E587F28918}"
EndProject
Project("{FAE04EC0-301F-11D3-BF4B-00C04F79EFBC}") = "Monit95App.Services.DTO", "Monit95App.Services.DTO\Monit95App.Services.DTO.csproj", "{6066434D-DC3D-49C1-8421-619F293C6929}"
EndProject
Project("{FAE04EC0-301F-11D3-BF4B-00C04F79EFBC}") = "Monit95App.Services.DTO.Tests", "Monit95App.Services.DTO.Tests\Monit95App.Services.DTO.Tests.csproj", "{ED22B912-D38F-464A-95C5-676F166959BA}"
EndProject
Project("{FAE04EC0-301F-11D3-BF4B-00C04F79EFBC}") = "Monit95App.Services.Mark", "Monit95App.Services.Mark\Monit95App.Services.Mark.csproj", "{94624C2F-6D28-4964-A368-981E1C568022}"
EndProject
Project("{FAE04EC0-301F-11D3-BF4B-00C04F79EFBC}") = "ParticipReporter", "ParticipReporter\ParticipReporter.csproj", "{774AD074-77D2-44A1-988D-4BC45A96F8C0}"
EndProject
Project("{FAE04EC0-301F-11D3-BF4B-00C04F79EFBC}") = "ParticipReporter.Tests", "ParticipReporter.Tests\ParticipReporter.Tests.csproj", "{938259AD-5255-448C-897D-C85C5EAD1F1E}"
EndProject
Project("{FAE04EC0-301F-11D3-BF4B-00C04F79EFBC}") = "OneTwoThreeReporter", "OneTwoThreeReporter\OneTwoThreeReporter.csproj", "{668BBA69-4F26-4DDF-B6EE-17B3384F669F}"
EndProject
Global
	GlobalSection(SolutionConfigurationPlatforms) = preSolution
		Debug|Any CPU = Debug|Any CPU
		Release|Any CPU = Release|Any CPU
	EndGlobalSection
	GlobalSection(ProjectConfigurationPlatforms) = postSolution
		{F0E9BF7F-EA42-4B82-810C-B9FB8763E173}.Debug|Any CPU.ActiveCfg = Debug|Any CPU
		{F0E9BF7F-EA42-4B82-810C-B9FB8763E173}.Debug|Any CPU.Build.0 = Debug|Any CPU
		{F0E9BF7F-EA42-4B82-810C-B9FB8763E173}.Release|Any CPU.ActiveCfg = Release|Any CPU
		{F0E9BF7F-EA42-4B82-810C-B9FB8763E173}.Release|Any CPU.Build.0 = Release|Any CPU
		{6CBC9470-8B83-4569-97E3-30EB7D520F40}.Debug|Any CPU.ActiveCfg = Debug|Any CPU
		{6CBC9470-8B83-4569-97E3-30EB7D520F40}.Debug|Any CPU.Build.0 = Debug|Any CPU
		{6CBC9470-8B83-4569-97E3-30EB7D520F40}.Release|Any CPU.ActiveCfg = Release|Any CPU
		{6CBC9470-8B83-4569-97E3-30EB7D520F40}.Release|Any CPU.Build.0 = Release|Any CPU
		{A66ECC89-6B2F-4432-8464-BF086D31EA6C}.Debug|Any CPU.ActiveCfg = Debug|Any CPU
		{A66ECC89-6B2F-4432-8464-BF086D31EA6C}.Debug|Any CPU.Build.0 = Debug|Any CPU
		{A66ECC89-6B2F-4432-8464-BF086D31EA6C}.Release|Any CPU.ActiveCfg = Release|Any CPU
		{A66ECC89-6B2F-4432-8464-BF086D31EA6C}.Release|Any CPU.Build.0 = Release|Any CPU
		{84DC3950-0B35-4EB2-B534-93AF0387CCDC}.Debug|Any CPU.ActiveCfg = Debug|Any CPU
		{84DC3950-0B35-4EB2-B534-93AF0387CCDC}.Debug|Any CPU.Build.0 = Debug|Any CPU
		{84DC3950-0B35-4EB2-B534-93AF0387CCDC}.Release|Any CPU.ActiveCfg = Release|Any CPU
		{84DC3950-0B35-4EB2-B534-93AF0387CCDC}.Release|Any CPU.Build.0 = Release|Any CPU
		{CB5E7793-7905-42A4-818D-0212A4EDDA43}.Debug|Any CPU.ActiveCfg = Debug|Any CPU
		{CB5E7793-7905-42A4-818D-0212A4EDDA43}.Debug|Any CPU.Build.0 = Debug|Any CPU
		{CB5E7793-7905-42A4-818D-0212A4EDDA43}.Release|Any CPU.ActiveCfg = Release|Any CPU
		{CB5E7793-7905-42A4-818D-0212A4EDDA43}.Release|Any CPU.Build.0 = Release|Any CPU
		{F3A784E6-8723-4628-9677-2374BED42492}.Debug|Any CPU.ActiveCfg = Debug|Any CPU
		{F3A784E6-8723-4628-9677-2374BED42492}.Debug|Any CPU.Build.0 = Debug|Any CPU
		{F3A784E6-8723-4628-9677-2374BED42492}.Release|Any CPU.ActiveCfg = Release|Any CPU
		{F3A784E6-8723-4628-9677-2374BED42492}.Release|Any CPU.Build.0 = Release|Any CPU
		{7DEC6E41-341F-4308-9D88-2F838187D3AD}.Debug|Any CPU.ActiveCfg = Debug|Any CPU
		{7DEC6E41-341F-4308-9D88-2F838187D3AD}.Debug|Any CPU.Build.0 = Debug|Any CPU
		{7DEC6E41-341F-4308-9D88-2F838187D3AD}.Release|Any CPU.ActiveCfg = Release|Any CPU
		{7DEC6E41-341F-4308-9D88-2F838187D3AD}.Release|Any CPU.Build.0 = Release|Any CPU
		{9D370610-E7DD-4512-850C-F20B9652F8F6}.Debug|Any CPU.ActiveCfg = Debug|Any CPU
		{9D370610-E7DD-4512-850C-F20B9652F8F6}.Debug|Any CPU.Build.0 = Debug|Any CPU
		{9D370610-E7DD-4512-850C-F20B9652F8F6}.Release|Any CPU.ActiveCfg = Release|Any CPU
		{9D370610-E7DD-4512-850C-F20B9652F8F6}.Release|Any CPU.Build.0 = Release|Any CPU
		{70EFD6D5-BD31-4EC4-B557-89154DF14F2D}.Debug|Any CPU.ActiveCfg = Debug|Any CPU
		{70EFD6D5-BD31-4EC4-B557-89154DF14F2D}.Debug|Any CPU.Build.0 = Debug|Any CPU
		{70EFD6D5-BD31-4EC4-B557-89154DF14F2D}.Release|Any CPU.ActiveCfg = Release|Any CPU
		{70EFD6D5-BD31-4EC4-B557-89154DF14F2D}.Release|Any CPU.Build.0 = Release|Any CPU
		{29D3A46A-7CA6-4743-BA59-71BD94D8CF34}.Debug|Any CPU.ActiveCfg = Debug|Any CPU
		{29D3A46A-7CA6-4743-BA59-71BD94D8CF34}.Debug|Any CPU.Build.0 = Debug|Any CPU
		{29D3A46A-7CA6-4743-BA59-71BD94D8CF34}.Release|Any CPU.ActiveCfg = Release|Any CPU
		{29D3A46A-7CA6-4743-BA59-71BD94D8CF34}.Release|Any CPU.Build.0 = Release|Any CPU
		{75BF5EAC-81A8-4E00-A82E-0BCBD17AC50B}.Debug|Any CPU.ActiveCfg = Debug|Any CPU
		{75BF5EAC-81A8-4E00-A82E-0BCBD17AC50B}.Debug|Any CPU.Build.0 = Debug|Any CPU
		{75BF5EAC-81A8-4E00-A82E-0BCBD17AC50B}.Release|Any CPU.ActiveCfg = Release|Any CPU
		{75BF5EAC-81A8-4E00-A82E-0BCBD17AC50B}.Release|Any CPU.Build.0 = Release|Any CPU
		{A8CD881C-FCF2-4326-B6BD-B9E587F28918}.Debug|Any CPU.ActiveCfg = Debug|Any CPU
		{A8CD881C-FCF2-4326-B6BD-B9E587F28918}.Debug|Any CPU.Build.0 = Debug|Any CPU
		{A8CD881C-FCF2-4326-B6BD-B9E587F28918}.Release|Any CPU.ActiveCfg = Release|Any CPU
		{A8CD881C-FCF2-4326-B6BD-B9E587F28918}.Release|Any CPU.Build.0 = Release|Any CPU
		{6066434D-DC3D-49C1-8421-619F293C6929}.Debug|Any CPU.ActiveCfg = Debug|Any CPU
		{6066434D-DC3D-49C1-8421-619F293C6929}.Debug|Any CPU.Build.0 = Debug|Any CPU
		{6066434D-DC3D-49C1-8421-619F293C6929}.Release|Any CPU.ActiveCfg = Release|Any CPU
		{6066434D-DC3D-49C1-8421-619F293C6929}.Release|Any CPU.Build.0 = Release|Any CPU
		{ED22B912-D38F-464A-95C5-676F166959BA}.Debug|Any CPU.ActiveCfg = Debug|Any CPU
		{ED22B912-D38F-464A-95C5-676F166959BA}.Debug|Any CPU.Build.0 = Debug|Any CPU
		{ED22B912-D38F-464A-95C5-676F166959BA}.Release|Any CPU.ActiveCfg = Release|Any CPU
		{ED22B912-D38F-464A-95C5-676F166959BA}.Release|Any CPU.Build.0 = Release|Any CPU
		{94624C2F-6D28-4964-A368-981E1C568022}.Debug|Any CPU.ActiveCfg = Debug|Any CPU
		{94624C2F-6D28-4964-A368-981E1C568022}.Debug|Any CPU.Build.0 = Debug|Any CPU
		{94624C2F-6D28-4964-A368-981E1C568022}.Release|Any CPU.ActiveCfg = Release|Any CPU
		{94624C2F-6D28-4964-A368-981E1C568022}.Release|Any CPU.Build.0 = Release|Any CPU
		{774AD074-77D2-44A1-988D-4BC45A96F8C0}.Debug|Any CPU.ActiveCfg = Debug|Any CPU
		{774AD074-77D2-44A1-988D-4BC45A96F8C0}.Debug|Any CPU.Build.0 = Debug|Any CPU
		{774AD074-77D2-44A1-988D-4BC45A96F8C0}.Release|Any CPU.ActiveCfg = Release|Any CPU
		{774AD074-77D2-44A1-988D-4BC45A96F8C0}.Release|Any CPU.Build.0 = Release|Any CPU
		{938259AD-5255-448C-897D-C85C5EAD1F1E}.Debug|Any CPU.ActiveCfg = Debug|Any CPU
		{938259AD-5255-448C-897D-C85C5EAD1F1E}.Debug|Any CPU.Build.0 = Debug|Any CPU
		{938259AD-5255-448C-897D-C85C5EAD1F1E}.Release|Any CPU.ActiveCfg = Release|Any CPU
		{938259AD-5255-448C-897D-C85C5EAD1F1E}.Release|Any CPU.Build.0 = Release|Any CPU
		{668BBA69-4F26-4DDF-B6EE-17B3384F669F}.Debug|Any CPU.ActiveCfg = Debug|Any CPU
		{668BBA69-4F26-4DDF-B6EE-17B3384F669F}.Debug|Any CPU.Build.0 = Debug|Any CPU
		{668BBA69-4F26-4DDF-B6EE-17B3384F669F}.Release|Any CPU.ActiveCfg = Release|Any CPU
		{668BBA69-4F26-4DDF-B6EE-17B3384F669F}.Release|Any CPU.Build.0 = Release|Any CPU
	EndGlobalSection
	GlobalSection(SolutionProperties) = preSolution
		HideSolutionNode = FALSE
	EndGlobalSection
	GlobalSection(NestedProjects) = preSolution
		{84DC3950-0B35-4EB2-B534-93AF0387CCDC} = {7BCAB294-45F4-40B6-B34E-7257F19D0A6B}
		{CB5E7793-7905-42A4-818D-0212A4EDDA43} = {7BCAB294-45F4-40B6-B34E-7257F19D0A6B}
		{F3A784E6-8723-4628-9677-2374BED42492} = {B5863550-5A37-4AF5-86C7-BE2ABBB5CE05}
		{7DEC6E41-341F-4308-9D88-2F838187D3AD} = {B0571893-C8F7-4398-91B2-2EBEE4B33FDF}
		{9D370610-E7DD-4512-850C-F20B9652F8F6} = {A8F3FD56-402C-426A-A576-0026014F6F5B}
		{70EFD6D5-BD31-4EC4-B557-89154DF14F2D} = {A8F3FD56-402C-426A-A576-0026014F6F5B}
		{29D3A46A-7CA6-4743-BA59-71BD94D8CF34} = {B0571893-C8F7-4398-91B2-2EBEE4B33FDF}
		{75BF5EAC-81A8-4E00-A82E-0BCBD17AC50B} = {B0571893-C8F7-4398-91B2-2EBEE4B33FDF}
		{A8CD881C-FCF2-4326-B6BD-B9E587F28918} = {A8F3FD56-402C-426A-A576-0026014F6F5B}
		{6066434D-DC3D-49C1-8421-619F293C6929} = {B0571893-C8F7-4398-91B2-2EBEE4B33FDF}
		{ED22B912-D38F-464A-95C5-676F166959BA} = {A8F3FD56-402C-426A-A576-0026014F6F5B}
		{94624C2F-6D28-4964-A368-981E1C568022} = {B0571893-C8F7-4398-91B2-2EBEE4B33FDF}
	EndGlobalSection
EndGlobal
