
Microsoft Visual Studio Solution File, Format Version 12.00
# Visual Studio 14
VisualStudioVersion = 14.0.24720.0
MinimumVisualStudioVersion = 10.0.40219.1
Project("{FAE04EC0-301F-11D3-BF4B-00C04F79EFBC}") = "Monit95App", "WebApplication1\Monit95App.csproj", "{F0E9BF7F-EA42-4B82-810C-B9FB8763E173}"
	ProjectSection(ProjectDependencies) = postProject
		{AD3D9B4C-012A-4FA4-9D01-F6F1407DC456} = {AD3D9B4C-012A-4FA4-9D01-F6F1407DC456}
	EndProjectSection
EndProject
Project("{FAE04EC0-301F-11D3-BF4B-00C04F79EFBC}") = "АИС МОР. Domain", "АИС МОР. Domain\АИС МОР. Domain.csproj", "{8D09BD2A-0899-46B2-B20D-135F221C8A23}"
EndProject
Project("{FAE04EC0-301F-11D3-BF4B-00C04F79EFBC}") = "АИС ГИА. element", "..\..\АИС ГИА\element\element\АИС ГИА. element.csproj", "{AD3D9B4C-012A-4FA4-9D01-F6F1407DC456}"
EndProject
Project("{FAE04EC0-301F-11D3-BF4B-00C04F79EFBC}") = "АИС МОР. MyConsole", "АИС МОР. Console\АИС МОР. MyConsole.csproj", "{6CBC9470-8B83-4569-97E3-30EB7D520F40}"
EndProject
Project("{FAE04EC0-301F-11D3-BF4B-00C04F79EFBC}") = "АИС ГИА. Domain", "..\..\АИС ГИА\АИС ГИА. Domain\АИС ГИА. Domain.csproj", "{4420AF10-EE58-4422-A703-776641672A4A}"
EndProject
Project("{FAE04EC0-301F-11D3-BF4B-00C04F79EFBC}") = "Reporter", "Reporter\Reporter.csproj", "{A66ECC89-6B2F-4432-8464-BF086D31EA6C}"
EndProject
Project("{FAE04EC0-301F-11D3-BF4B-00C04F79EFBC}") = "АИС МОР. NineClass", "АИС МОР. NineClass\АИС МОР. NineClass.csproj", "{9868B256-6BB1-4815-8C1D-442417AF2866}"
EndProject
Project("{FAE04EC0-301F-11D3-BF4B-00C04F79EFBC}") = "CreatorList20167", "CreatorList\CreatorList20167.csproj", "{C644C823-5890-423D-9106-419208919F00}"
EndProject
Project("{FAE04EC0-301F-11D3-BF4B-00C04F79EFBC}") = "ЦОКО.Domain", "..\..\ЦОКО\ЦОКО.Domain\ЦОКО.Domain.csproj", "{CDB7EEAC-87F7-416A-9186-4E1E06620EC5}"
EndProject
Project("{2150E333-8FDC-42A3-9474-1A3956D46DE8}") = "Domain", "Domain", "{7BCAB294-45F4-40B6-B34E-7257F19D0A6B}"
EndProject
Project("{FAE04EC0-301F-11D3-BF4B-00C04F79EFBC}") = "monit95App.Domain.Core", "monit95App.Domain.Core\monit95App.Domain.Core.csproj", "{84DC3950-0B35-4EB2-B534-93AF0387CCDC}"
EndProject
Project("{FAE04EC0-301F-11D3-BF4B-00C04F79EFBC}") = "monit95App.Domain.Interfaces", "monit95App.Domain.Interfaces\monit95App.Domain.Interfaces.csproj", "{CB5E7793-7905-42A4-818D-0212A4EDDA43}"
EndProject
Project("{2150E333-8FDC-42A3-9474-1A3956D46DE8}") = "Infrastructure", "Infrastructure", "{B5863550-5A37-4AF5-86C7-BE2ABBB5CE05}"
EndProject
Project("{FAE04EC0-301F-11D3-BF4B-00C04F79EFBC}") = "monit95App.Infrastructure.Data", "monit95App.Infrastructure.Data\monit95App.Infrastructure.Data.csproj", "{F3A784E6-8723-4628-9677-2374BED42492}"
EndProject
Project("{2150E333-8FDC-42A3-9474-1A3956D46DE8}") = "Tests", "Tests", "{A8F3FD56-402C-426A-A576-0026014F6F5B}"
	ProjectSection(SolutionItems) = preProject
		App.config = App.config
	EndProjectSection
EndProject
Project("{2150E333-8FDC-42A3-9474-1A3956D46DE8}") = "Services", "Services", "{B0571893-C8F7-4398-91B2-2EBEE4B33FDF}"
EndProject
Project("{FAE04EC0-301F-11D3-BF4B-00C04F79EFBC}") = "monit95App.TestReport", "TestReport\monit95App.TestReport.csproj", "{7EEFA6EA-30EF-4FAA-8D02-D12E2B479032}"
EndProject
Global
	GlobalSection(SolutionConfigurationPlatforms) = preSolution
		Debug|Any CPU = Debug|Any CPU
		Release|Any CPU = Release|Any CPU
	EndGlobalSection
	GlobalSection(ProjectConfigurationPlatforms) = postSolution
		{F0E9BF7F-EA42-4B82-810C-B9FB8763E173}.Debug|Any CPU.ActiveCfg = Debug|Any CPU
		{F0E9BF7F-EA42-4B82-810C-B9FB8763E173}.Debug|Any CPU.Build.0 = Debug|Any CPU
		{F0E9BF7F-EA42-4B82-810C-B9FB8763E173}.Release|Any CPU.ActiveCfg = Release|Any CPU
		{F0E9BF7F-EA42-4B82-810C-B9FB8763E173}.Release|Any CPU.Build.0 = Release|Any CPU
		{8D09BD2A-0899-46B2-B20D-135F221C8A23}.Debug|Any CPU.ActiveCfg = Debug|Any CPU
		{8D09BD2A-0899-46B2-B20D-135F221C8A23}.Debug|Any CPU.Build.0 = Debug|Any CPU
		{8D09BD2A-0899-46B2-B20D-135F221C8A23}.Release|Any CPU.ActiveCfg = Release|Any CPU
		{8D09BD2A-0899-46B2-B20D-135F221C8A23}.Release|Any CPU.Build.0 = Release|Any CPU
		{AD3D9B4C-012A-4FA4-9D01-F6F1407DC456}.Debug|Any CPU.ActiveCfg = Debug|Any CPU
		{AD3D9B4C-012A-4FA4-9D01-F6F1407DC456}.Debug|Any CPU.Build.0 = Debug|Any CPU
		{AD3D9B4C-012A-4FA4-9D01-F6F1407DC456}.Release|Any CPU.ActiveCfg = Release|Any CPU
		{AD3D9B4C-012A-4FA4-9D01-F6F1407DC456}.Release|Any CPU.Build.0 = Release|Any CPU
		{6CBC9470-8B83-4569-97E3-30EB7D520F40}.Debug|Any CPU.ActiveCfg = Debug|Any CPU
		{6CBC9470-8B83-4569-97E3-30EB7D520F40}.Debug|Any CPU.Build.0 = Debug|Any CPU
		{6CBC9470-8B83-4569-97E3-30EB7D520F40}.Release|Any CPU.ActiveCfg = Release|Any CPU
		{6CBC9470-8B83-4569-97E3-30EB7D520F40}.Release|Any CPU.Build.0 = Release|Any CPU
		{4420AF10-EE58-4422-A703-776641672A4A}.Debug|Any CPU.ActiveCfg = Debug|Any CPU
		{4420AF10-EE58-4422-A703-776641672A4A}.Debug|Any CPU.Build.0 = Debug|Any CPU
		{4420AF10-EE58-4422-A703-776641672A4A}.Release|Any CPU.ActiveCfg = Release|Any CPU
		{4420AF10-EE58-4422-A703-776641672A4A}.Release|Any CPU.Build.0 = Release|Any CPU
		{A66ECC89-6B2F-4432-8464-BF086D31EA6C}.Debug|Any CPU.ActiveCfg = Debug|Any CPU
		{A66ECC89-6B2F-4432-8464-BF086D31EA6C}.Debug|Any CPU.Build.0 = Debug|Any CPU
		{A66ECC89-6B2F-4432-8464-BF086D31EA6C}.Release|Any CPU.ActiveCfg = Release|Any CPU
		{A66ECC89-6B2F-4432-8464-BF086D31EA6C}.Release|Any CPU.Build.0 = Release|Any CPU
		{9868B256-6BB1-4815-8C1D-442417AF2866}.Debug|Any CPU.ActiveCfg = Debug|Any CPU
		{9868B256-6BB1-4815-8C1D-442417AF2866}.Debug|Any CPU.Build.0 = Debug|Any CPU
		{9868B256-6BB1-4815-8C1D-442417AF2866}.Release|Any CPU.ActiveCfg = Release|Any CPU
		{9868B256-6BB1-4815-8C1D-442417AF2866}.Release|Any CPU.Build.0 = Release|Any CPU
		{C644C823-5890-423D-9106-419208919F00}.Debug|Any CPU.ActiveCfg = Debug|Any CPU
		{C644C823-5890-423D-9106-419208919F00}.Debug|Any CPU.Build.0 = Debug|Any CPU
		{C644C823-5890-423D-9106-419208919F00}.Release|Any CPU.ActiveCfg = Release|Any CPU
		{C644C823-5890-423D-9106-419208919F00}.Release|Any CPU.Build.0 = Release|Any CPU
		{CDB7EEAC-87F7-416A-9186-4E1E06620EC5}.Debug|Any CPU.ActiveCfg = Debug|Any CPU
		{CDB7EEAC-87F7-416A-9186-4E1E06620EC5}.Debug|Any CPU.Build.0 = Debug|Any CPU
		{CDB7EEAC-87F7-416A-9186-4E1E06620EC5}.Release|Any CPU.ActiveCfg = Release|Any CPU
		{CDB7EEAC-87F7-416A-9186-4E1E06620EC5}.Release|Any CPU.Build.0 = Release|Any CPU
		{84DC3950-0B35-4EB2-B534-93AF0387CCDC}.Debug|Any CPU.ActiveCfg = Debug|Any CPU
		{84DC3950-0B35-4EB2-B534-93AF0387CCDC}.Debug|Any CPU.Build.0 = Debug|Any CPU
		{84DC3950-0B35-4EB2-B534-93AF0387CCDC}.Release|Any CPU.ActiveCfg = Release|Any CPU
		{84DC3950-0B35-4EB2-B534-93AF0387CCDC}.Release|Any CPU.Build.0 = Release|Any CPU
		{CB5E7793-7905-42A4-818D-0212A4EDDA43}.Debug|Any CPU.ActiveCfg = Debug|Any CPU
		{CB5E7793-7905-42A4-818D-0212A4EDDA43}.Debug|Any CPU.Build.0 = Debug|Any CPU
		{CB5E7793-7905-42A4-818D-0212A4EDDA43}.Release|Any CPU.ActiveCfg = Release|Any CPU
		{CB5E7793-7905-42A4-818D-0212A4EDDA43}.Release|Any CPU.Build.0 = Release|Any CPU
		{F3A784E6-8723-4628-9677-2374BED42492}.Debug|Any CPU.ActiveCfg = Debug|Any CPU
		{F3A784E6-8723-4628-9677-2374BED42492}.Debug|Any CPU.Build.0 = Debug|Any CPU
		{F3A784E6-8723-4628-9677-2374BED42492}.Release|Any CPU.ActiveCfg = Release|Any CPU
		{F3A784E6-8723-4628-9677-2374BED42492}.Release|Any CPU.Build.0 = Release|Any CPU
		{7EEFA6EA-30EF-4FAA-8D02-D12E2B479032}.Debug|Any CPU.ActiveCfg = Debug|Any CPU
		{7EEFA6EA-30EF-4FAA-8D02-D12E2B479032}.Debug|Any CPU.Build.0 = Debug|Any CPU
		{7EEFA6EA-30EF-4FAA-8D02-D12E2B479032}.Release|Any CPU.ActiveCfg = Release|Any CPU
		{7EEFA6EA-30EF-4FAA-8D02-D12E2B479032}.Release|Any CPU.Build.0 = Release|Any CPU
	EndGlobalSection
	GlobalSection(SolutionProperties) = preSolution
		HideSolutionNode = FALSE
	EndGlobalSection
	GlobalSection(NestedProjects) = preSolution
		{84DC3950-0B35-4EB2-B534-93AF0387CCDC} = {7BCAB294-45F4-40B6-B34E-7257F19D0A6B}
		{CB5E7793-7905-42A4-818D-0212A4EDDA43} = {7BCAB294-45F4-40B6-B34E-7257F19D0A6B}
		{F3A784E6-8723-4628-9677-2374BED42492} = {B5863550-5A37-4AF5-86C7-BE2ABBB5CE05}
		{7EEFA6EA-30EF-4FAA-8D02-D12E2B479032} = {A8F3FD56-402C-426A-A576-0026014F6F5B}
	EndGlobalSection
EndGlobal
