
Microsoft Visual Studio Solution File, Format Version 12.00
# Visual Studio 15
VisualStudioVersion = 15.0.27004.2010
MinimumVisualStudioVersion = 10.0.40219.1
Project("{FAE04EC0-301F-11D3-BF4B-00C04F79EFBC}") = "Monit95.WebApp", "Monit95App.Web\Monit95.WebApp.csproj", "{F0E9BF7F-EA42-4B82-810C-B9FB8763E173}"
EndProject
Project("{2150E333-8FDC-42A3-9474-1A3956D46DE8}") = "DOMAIN", "DOMAIN", "{7BCAB294-45F4-40B6-B34E-7257F19D0A6B}"
EndProject
Project("{2150E333-8FDC-42A3-9474-1A3956D46DE8}") = "INFRASTRUCTURE", "INFRASTRUCTURE", "{B5863550-5A37-4AF5-86C7-BE2ABBB5CE05}"
EndProject
Project("{2150E333-8FDC-42A3-9474-1A3956D46DE8}") = "TESTS", "TESTS", "{A8F3FD56-402C-426A-A576-0026014F6F5B}"
EndProject
Project("{2150E333-8FDC-42A3-9474-1A3956D46DE8}") = "SERVICES", "SERVICES", "{B0571893-C8F7-4398-91B2-2EBEE4B33FDF}"
EndProject
Project("{FAE04EC0-301F-11D3-BF4B-00C04F79EFBC}") = "Monit95.Infrastructure.Data", "Infrastructure\Monit95App.Infrastructure.Data\Monit95.Infrastructure.Data.csproj", "{F3A784E6-8723-4628-9677-2374BED42492}"
EndProject
Project("{FAE04EC0-301F-11D3-BF4B-00C04F79EFBC}") = "Monit95.Services", "SERVICES\Monit95App.Services\Monit95.Services.csproj", "{5E38A333-C51E-4910-A650-440C8D7F0A94}"
EndProject
Project("{FAE04EC0-301F-11D3-BF4B-00C04F79EFBC}") = "Monit95.Infrastructure.Data.Tests", "TESTS\Monit95App.Infrastructure.Data.Tests\Monit95.Infrastructure.Data.Tests.csproj", "{32AD4209-6B80-49DC-A121-25F810C01330}"
EndProject
Project("{FAE04EC0-301F-11D3-BF4B-00C04F79EFBC}") = "Monit95.Web.Tests", "TESTS\Monit95App.Web.Tests\Monit95.Web.Tests.csproj", "{1377D6D8-1946-4B06-8AB3-36D7AEE8E2EA}"
EndProject
Project("{FAE04EC0-301F-11D3-BF4B-00C04F79EFBC}") = "Monit95.Services.Tests", "TESTS\Monit95App.Services.Tests\Monit95.Services.Tests.csproj", "{EAFAB265-533C-46EC-82C9-F1E63873F611}"
EndProject
Project("{FAE04EC0-301F-11D3-BF4B-00C04F79EFBC}") = "AccountsCreator", "SERVICES\AccountsCreator\AccountsCreator.csproj", "{8C1FC8FD-E2A4-4701-8CC4-C3A720E50087}"
EndProject
Project("{FAE04EC0-301F-11D3-BF4B-00C04F79EFBC}") = "Monit95.ConsoleApp", "SERVICES\Monit95App.ConsoleApp\Monit95.ConsoleApp.csproj", "{6CBC9470-8B83-4569-97E3-30EB7D520F40}"
EndProject
Project("{FAE04EC0-301F-11D3-BF4B-00C04F79EFBC}") = "ProtocolGenerator", "SERVICES\ProtocolGenerator\ProtocolGenerator.csproj", "{668BBA69-4F26-4DDF-B6EE-17B3384F669F}"
EndProject
Project("{FAE04EC0-301F-11D3-BF4B-00C04F79EFBC}") = "ParticipReporter", "SERVICES\ParticipReporter\ParticipReporter.csproj", "{774AD074-77D2-44A1-988D-4BC45A96F8C0}"
EndProject
Project("{FAE04EC0-301F-11D3-BF4B-00C04F79EFBC}") = "Reporter", "SERVICES\Reporter\Reporter.csproj", "{A66ECC89-6B2F-4432-8464-BF086D31EA6C}"
EndProject
Project("{FAE04EC0-301F-11D3-BF4B-00C04F79EFBC}") = "Monit95.Domain.Core", "DOMAIN\Monit95.Domain.Core\Monit95.Domain.Core.csproj", "{84DC3950-0B35-4EB2-B534-93AF0387CCDC}"
EndProject
Project("{FAE04EC0-301F-11D3-BF4B-00C04F79EFBC}") = "Monit95.Domain.Interfaces", "DOMAIN\Monit95.Domain.Interfaces\Monit95.Domain.Interfaces.csproj", "{CB5E7793-7905-42A4-818D-0212A4EDDA43}"
EndProject
Global
	GlobalSection(SolutionConfigurationPlatforms) = preSolution
		Debug|Any CPU = Debug|Any CPU
		Release|Any CPU = Release|Any CPU
	EndGlobalSection
	GlobalSection(ProjectConfigurationPlatforms) = postSolution
		{F0E9BF7F-EA42-4B82-810C-B9FB8763E173}.Debug|Any CPU.ActiveCfg = Debug|Any CPU
		{F0E9BF7F-EA42-4B82-810C-B9FB8763E173}.Debug|Any CPU.Build.0 = Debug|Any CPU
		{F0E9BF7F-EA42-4B82-810C-B9FB8763E173}.Release|Any CPU.ActiveCfg = Release|Any CPU
		{F0E9BF7F-EA42-4B82-810C-B9FB8763E173}.Release|Any CPU.Build.0 = Release|Any CPU
		{F3A784E6-8723-4628-9677-2374BED42492}.Debug|Any CPU.ActiveCfg = Debug|Any CPU
		{F3A784E6-8723-4628-9677-2374BED42492}.Debug|Any CPU.Build.0 = Debug|Any CPU
		{F3A784E6-8723-4628-9677-2374BED42492}.Release|Any CPU.ActiveCfg = Release|Any CPU
		{F3A784E6-8723-4628-9677-2374BED42492}.Release|Any CPU.Build.0 = Release|Any CPU
		{5E38A333-C51E-4910-A650-440C8D7F0A94}.Debug|Any CPU.ActiveCfg = Debug|Any CPU
		{5E38A333-C51E-4910-A650-440C8D7F0A94}.Debug|Any CPU.Build.0 = Debug|Any CPU
		{5E38A333-C51E-4910-A650-440C8D7F0A94}.Release|Any CPU.ActiveCfg = Release|Any CPU
		{5E38A333-C51E-4910-A650-440C8D7F0A94}.Release|Any CPU.Build.0 = Release|Any CPU
		{32AD4209-6B80-49DC-A121-25F810C01330}.Debug|Any CPU.ActiveCfg = Debug|Any CPU
		{32AD4209-6B80-49DC-A121-25F810C01330}.Debug|Any CPU.Build.0 = Debug|Any CPU
		{32AD4209-6B80-49DC-A121-25F810C01330}.Release|Any CPU.ActiveCfg = Release|Any CPU
		{32AD4209-6B80-49DC-A121-25F810C01330}.Release|Any CPU.Build.0 = Release|Any CPU
		{1377D6D8-1946-4B06-8AB3-36D7AEE8E2EA}.Debug|Any CPU.ActiveCfg = Debug|Any CPU
		{1377D6D8-1946-4B06-8AB3-36D7AEE8E2EA}.Debug|Any CPU.Build.0 = Debug|Any CPU
		{1377D6D8-1946-4B06-8AB3-36D7AEE8E2EA}.Release|Any CPU.ActiveCfg = Release|Any CPU
		{1377D6D8-1946-4B06-8AB3-36D7AEE8E2EA}.Release|Any CPU.Build.0 = Release|Any CPU
		{EAFAB265-533C-46EC-82C9-F1E63873F611}.Debug|Any CPU.ActiveCfg = Debug|Any CPU
		{EAFAB265-533C-46EC-82C9-F1E63873F611}.Debug|Any CPU.Build.0 = Debug|Any CPU
		{EAFAB265-533C-46EC-82C9-F1E63873F611}.Release|Any CPU.ActiveCfg = Release|Any CPU
		{EAFAB265-533C-46EC-82C9-F1E63873F611}.Release|Any CPU.Build.0 = Release|Any CPU
		{8C1FC8FD-E2A4-4701-8CC4-C3A720E50087}.Debug|Any CPU.ActiveCfg = Debug|Any CPU
		{8C1FC8FD-E2A4-4701-8CC4-C3A720E50087}.Debug|Any CPU.Build.0 = Debug|Any CPU
		{8C1FC8FD-E2A4-4701-8CC4-C3A720E50087}.Release|Any CPU.ActiveCfg = Release|Any CPU
		{8C1FC8FD-E2A4-4701-8CC4-C3A720E50087}.Release|Any CPU.Build.0 = Release|Any CPU
		{6CBC9470-8B83-4569-97E3-30EB7D520F40}.Debug|Any CPU.ActiveCfg = Debug|Any CPU
		{6CBC9470-8B83-4569-97E3-30EB7D520F40}.Debug|Any CPU.Build.0 = Debug|Any CPU
		{6CBC9470-8B83-4569-97E3-30EB7D520F40}.Release|Any CPU.ActiveCfg = Release|Any CPU
		{6CBC9470-8B83-4569-97E3-30EB7D520F40}.Release|Any CPU.Build.0 = Release|Any CPU
		{668BBA69-4F26-4DDF-B6EE-17B3384F669F}.Debug|Any CPU.ActiveCfg = Debug|Any CPU
		{668BBA69-4F26-4DDF-B6EE-17B3384F669F}.Debug|Any CPU.Build.0 = Debug|Any CPU
		{668BBA69-4F26-4DDF-B6EE-17B3384F669F}.Release|Any CPU.ActiveCfg = Release|Any CPU
		{668BBA69-4F26-4DDF-B6EE-17B3384F669F}.Release|Any CPU.Build.0 = Release|Any CPU
		{774AD074-77D2-44A1-988D-4BC45A96F8C0}.Debug|Any CPU.ActiveCfg = Debug|Any CPU
		{774AD074-77D2-44A1-988D-4BC45A96F8C0}.Debug|Any CPU.Build.0 = Debug|Any CPU
		{774AD074-77D2-44A1-988D-4BC45A96F8C0}.Release|Any CPU.ActiveCfg = Release|Any CPU
		{774AD074-77D2-44A1-988D-4BC45A96F8C0}.Release|Any CPU.Build.0 = Release|Any CPU
		{A66ECC89-6B2F-4432-8464-BF086D31EA6C}.Debug|Any CPU.ActiveCfg = Debug|Any CPU
		{A66ECC89-6B2F-4432-8464-BF086D31EA6C}.Debug|Any CPU.Build.0 = Debug|Any CPU
		{A66ECC89-6B2F-4432-8464-BF086D31EA6C}.Release|Any CPU.ActiveCfg = Release|Any CPU
		{A66ECC89-6B2F-4432-8464-BF086D31EA6C}.Release|Any CPU.Build.0 = Release|Any CPU
		{84DC3950-0B35-4EB2-B534-93AF0387CCDC}.Debug|Any CPU.ActiveCfg = Debug|Any CPU
		{84DC3950-0B35-4EB2-B534-93AF0387CCDC}.Debug|Any CPU.Build.0 = Debug|Any CPU
		{84DC3950-0B35-4EB2-B534-93AF0387CCDC}.Release|Any CPU.ActiveCfg = Release|Any CPU
		{84DC3950-0B35-4EB2-B534-93AF0387CCDC}.Release|Any CPU.Build.0 = Release|Any CPU
		{CB5E7793-7905-42A4-818D-0212A4EDDA43}.Debug|Any CPU.ActiveCfg = Debug|Any CPU
		{CB5E7793-7905-42A4-818D-0212A4EDDA43}.Debug|Any CPU.Build.0 = Debug|Any CPU
		{CB5E7793-7905-42A4-818D-0212A4EDDA43}.Release|Any CPU.ActiveCfg = Release|Any CPU
		{CB5E7793-7905-42A4-818D-0212A4EDDA43}.Release|Any CPU.Build.0 = Release|Any CPU
	EndGlobalSection
	GlobalSection(SolutionProperties) = preSolution
		HideSolutionNode = FALSE
	EndGlobalSection
	GlobalSection(NestedProjects) = preSolution
		{F3A784E6-8723-4628-9677-2374BED42492} = {B5863550-5A37-4AF5-86C7-BE2ABBB5CE05}
		{5E38A333-C51E-4910-A650-440C8D7F0A94} = {B0571893-C8F7-4398-91B2-2EBEE4B33FDF}
		{32AD4209-6B80-49DC-A121-25F810C01330} = {A8F3FD56-402C-426A-A576-0026014F6F5B}
		{1377D6D8-1946-4B06-8AB3-36D7AEE8E2EA} = {A8F3FD56-402C-426A-A576-0026014F6F5B}
		{EAFAB265-533C-46EC-82C9-F1E63873F611} = {A8F3FD56-402C-426A-A576-0026014F6F5B}
		{8C1FC8FD-E2A4-4701-8CC4-C3A720E50087} = {B0571893-C8F7-4398-91B2-2EBEE4B33FDF}
		{6CBC9470-8B83-4569-97E3-30EB7D520F40} = {B0571893-C8F7-4398-91B2-2EBEE4B33FDF}
		{668BBA69-4F26-4DDF-B6EE-17B3384F669F} = {B0571893-C8F7-4398-91B2-2EBEE4B33FDF}
		{774AD074-77D2-44A1-988D-4BC45A96F8C0} = {B0571893-C8F7-4398-91B2-2EBEE4B33FDF}
		{A66ECC89-6B2F-4432-8464-BF086D31EA6C} = {B0571893-C8F7-4398-91B2-2EBEE4B33FDF}
		{84DC3950-0B35-4EB2-B534-93AF0387CCDC} = {7BCAB294-45F4-40B6-B34E-7257F19D0A6B}
		{CB5E7793-7905-42A4-818D-0212A4EDDA43} = {7BCAB294-45F4-40B6-B34E-7257F19D0A6B}
	EndGlobalSection
	GlobalSection(ExtensibilityGlobals) = postSolution
		SolutionGuid = {F1A04B68-7B70-438D-A1AA-5E106F163D39}
	EndGlobalSection
EndGlobal
