{
    "name": "monit95app",
    "version": "1.0.0",
    "lockfileVersion": 2,
    "requires": true,
    "packages": {
        "": {
            "name": "monit95app",
            "version": "1.0.0",
            "dependencies": {
                "@angular/animations": "^5.0.2",
                "@angular/cdk": "^5.0.0-rc0",
                "@angular/common": "^5.0.2",
                "@angular/compiler": "^5.0.2",
                "@angular/core": "^5.0.2",
                "@angular/forms": "^5.0.2",
                "@angular/http": "^5.0.2",
                "@angular/material": "^5.0.0-rc0",
                "@angular/platform-browser": "^5.0.2",
                "@angular/platform-browser-dynamic": "^5.0.2",
                "@angular/router": "^5.0.2",
                "@ng-bootstrap/ng-bootstrap": "^1.0.0-beta.5",
                "@types/jquery": "^3.2.12",
                "angular-in-memory-web-api": "^0.5.1",
                "core-js": "^2.5.1",
                "hammerjs": "^2.0.8",
                "mydatepicker": "^2.5.1",
                "ngx-order-pipe": "^1.0.4",
                "rxjs": "^5.5.4",
                "systemjs": "^0.20.18",
                "zone.js": "^0.8.17"
            }
        },
        "node_modules/@angular/animations": {
            "version": "5.0.2",
            "resolved": "https://registry.npmjs.org/@angular/animations/-/animations-5.0.2.tgz",
            "integrity": "sha1-bTpzWk+Fw4jaa6P3ddu+YUBKwC0=",
            "dependencies": {
                "tslib": "^1.7.1"
            },
            "peerDependencies": {
                "@angular/core": "5.0.2"
            }
        },
        "node_modules/@angular/cdk": {
            "version": "5.0.0-rc0",
            "resolved": "https://registry.npmjs.org/@angular/cdk/-/cdk-5.0.0-rc0.tgz",
            "integrity": "sha1-tyJa8djSPBOsFLvT/hxrQn63E2g=",
            "deprecated": "Use 5.0.0-rc.0 instead",
            "dependencies": {
                "tslib": "^1.7.1"
            },
            "peerDependencies": {
                "@angular/common": "^5.0.0",
                "@angular/core": "^5.0.0"
            }
        },
        "node_modules/@angular/common": {
            "version": "5.0.2",
            "resolved": "https://registry.npmjs.org/@angular/common/-/common-5.0.2.tgz",
            "integrity": "sha1-2AMiFT+qqazKkVUmOKPkfcI3umo=",
            "dependencies": {
                "tslib": "^1.7.1"
            },
            "peerDependencies": {
                "@angular/core": "5.0.2",
                "rxjs": "^5.5.0"
            }
        },
        "node_modules/@angular/compiler": {
            "version": "5.0.2",
            "resolved": "https://registry.npmjs.org/@angular/compiler/-/compiler-5.0.2.tgz",
            "integrity": "sha1-2GXUNyJ83RYYP4eQCjiJPY9fsTk=",
            "dependencies": {
                "tslib": "^1.7.1"
            }
        },
        "node_modules/@angular/core": {
            "version": "5.0.2",
            "resolved": "https://registry.npmjs.org/@angular/core/-/core-5.0.2.tgz",
            "integrity": "sha1-+7VpHRr37GKSSAHIlDlVaTVihUo=",
            "dependencies": {
                "tslib": "^1.7.1"
            },
            "peerDependencies": {
                "rxjs": "^5.5.0",
                "zone.js": "^0.8.4"
            }
        },
        "node_modules/@angular/forms": {
            "version": "5.0.2",
            "resolved": "https://registry.npmjs.org/@angular/forms/-/forms-5.0.2.tgz",
            "integrity": "sha1-9Mb/JdUXkPYydi6xxQd00XyM9GU=",
            "dependencies": {
                "tslib": "^1.7.1"
            },
            "peerDependencies": {
                "@angular/common": "5.0.2",
                "@angular/core": "5.0.2",
                "@angular/platform-browser": "5.0.2",
                "rxjs": "^5.5.0"
            }
        },
        "node_modules/@angular/http": {
            "version": "5.0.2",
            "resolved": "https://registry.npmjs.org/@angular/http/-/http-5.0.2.tgz",
            "integrity": "sha1-yzrxUh4U8ECqjKFVTij435tW/eg=",
            "deprecated": "Package no longer supported. Use @angular/common instead, see https://angular.io/guide/deprecations#angularhttp",
            "dependencies": {
                "tslib": "^1.7.1"
            },
            "peerDependencies": {
                "@angular/core": "5.0.2",
                "@angular/platform-browser": "5.0.2",
                "rxjs": "^5.5.0"
            }
        },
        "node_modules/@angular/material": {
            "version": "5.0.0-rc0",
            "resolved": "https://registry.npmjs.org/@angular/material/-/material-5.0.0-rc0.tgz",
            "integrity": "sha1-034QSihLQQhPkedhOsEZz7YnxW0=",
            "deprecated": "Use 5.0.0-rc.0 instead",
            "dependencies": {
                "tslib": "^1.7.1"
            },
            "peerDependencies": {
                "@angular/cdk": "5.0.0-rc0",
                "@angular/common": "^5.0.0",
                "@angular/core": "^5.0.0"
            }
        },
        "node_modules/@angular/platform-browser": {
            "version": "5.0.2",
            "resolved": "https://registry.npmjs.org/@angular/platform-browser/-/platform-browser-5.0.2.tgz",
            "integrity": "sha1-0Quv8DwkN/MIhHnBc9MK/fCxJKk=",
            "dependencies": {
                "tslib": "^1.7.1"
            },
            "peerDependencies": {
                "@angular/common": "5.0.2",
                "@angular/core": "5.0.2"
            }
        },
        "node_modules/@angular/platform-browser-dynamic": {
            "version": "5.0.2",
            "resolved": "https://registry.npmjs.org/@angular/platform-browser-dynamic/-/platform-browser-dynamic-5.0.2.tgz",
            "integrity": "sha1-iYSn4vxPimdg+aBdlaK7n2sLf5o=",
            "dependencies": {
                "tslib": "^1.7.1"
            },
            "peerDependencies": {
                "@angular/common": "5.0.2",
                "@angular/compiler": "5.0.2",
                "@angular/core": "5.0.2",
                "@angular/platform-browser": "5.0.2"
            }
        },
        "node_modules/@angular/router": {
            "version": "5.0.2",
            "resolved": "https://registry.npmjs.org/@angular/router/-/router-5.0.2.tgz",
            "integrity": "sha1-vhBPsJG87EGN09hU+K9koD5cZ50=",
            "dependencies": {
                "tslib": "^1.7.1"
            },
            "peerDependencies": {
                "@angular/common": "5.0.2",
                "@angular/core": "5.0.2",
                "@angular/platform-browser": "5.0.2",
                "rxjs": "^5.5.0"
            }
        },
        "node_modules/@ng-bootstrap/ng-bootstrap": {
            "version": "1.0.0-beta.5",
            "resolved": "https://registry.npmjs.org/@ng-bootstrap/ng-bootstrap/-/ng-bootstrap-1.0.0-beta.5.tgz",
            "integrity": "sha1-2iuQZrNwGihMrFoWFop33vlHtKs=",
            "peerDependencies": {
                "@angular/common": "^4.0.3",
                "@angular/core": "^4.0.3",
                "@angular/forms": "^4.0.3"
            }
        },
        "node_modules/@types/jquery": {
            "version": "3.2.16",
            "resolved": "https://registry.npmjs.org/@types/jquery/-/jquery-3.2.16.tgz",
            "integrity": "sha512-q2WC02YxQoX2nY1HRKlYGHpGP1saPmD7GN0pwCDlTz35a4eOtJG+aHRlXyjCuXokUukSrR2aXyBhSW3j+jPc0A=="
        },
        "node_modules/angular-in-memory-web-api": {
            "version": "0.5.1",
            "resolved": "https://registry.npmjs.org/angular-in-memory-web-api/-/angular-in-memory-web-api-0.5.1.tgz",
            "integrity": "sha1-4qIHP+EbwIutcSd0J14nKCY+XOs=",
            "peerDependencies": {
                "@angular/common": ">=2.0.0 <6.0.0",
                "@angular/core": ">=2.0.0 <6.0.0",
                "@angular/http": ">=2.0.0 <6.0.0",
                "rxjs": "^5.1.0"
            }
        },
        "node_modules/core-js": {
            "version": "2.5.1",
            "resolved": "https://registry.npmjs.org/core-js/-/core-js-2.5.1.tgz",
            "integrity": "sha1-rmh03GaTd4m4B1T/VCjfZoGcpQs=",
            "deprecated": "core-js@<3.4 is no longer maintained and not recommended for usage due to the number of issues. Because of the V8 engine whims, feature detection in old core-js versions could cause a slowdown up to 100x even if nothing is polyfilled. Please, upgrade your dependencies to the actual version of core-js."
        },
        "node_modules/hammerjs": {
            "version": "2.0.8",
            "resolved": "https://registry.npmjs.org/hammerjs/-/hammerjs-2.0.8.tgz",
            "integrity": "sha1-BO93hiz/K7edMPdpIJWTAiK/YPE=",
            "engines": {
                "node": ">=0.8.0"
            }
        },
        "node_modules/mydatepicker": {
            "version": "2.5.1",
            "resolved": "https://registry.npmjs.org/mydatepicker/-/mydatepicker-2.5.1.tgz",
            "integrity": "sha1-0aLSriQM00dI8IlLfDboZLJVtow="
        },
        "node_modules/ngx-order-pipe": {
            "version": "1.1.0",
            "resolved": "https://registry.npmjs.org/ngx-order-pipe/-/ngx-order-pipe-1.1.0.tgz",
            "integrity": "sha512-w4OkUt4CaoOW1+vWjefvuaF8F4Vpi9iSDj+Mt8svpGBW0cTdTRvhTfednbNdnbaAd2ty0xylTBTwYMMHDhqDag==",
            "peerDependencies": {
                "@angular/core": ">=2.0.0"
            }
        },
        "node_modules/rxjs": {
            "version": "5.5.5",
            "resolved": "https://registry.npmjs.org/rxjs/-/rxjs-5.5.5.tgz",
            "integrity": "sha1-4WTxHTjq8p9W8Iw0R/dP8C3YTpc=",
            "dependencies": {
                "symbol-observable": "1.0.1"
            },
            "engines": {
                "npm": ">=2.0.0"
            }
        },
        "node_modules/rxjs/node_modules/symbol-observable": {
            "version": "1.0.1",
            "resolved": "https://registry.npmjs.org/symbol-observable/-/symbol-observable-1.0.1.tgz",
            "integrity": "sha1-g0D8RwLDEi310iKI+IKD9RPT/dQ=",
            "engines": {
                "node": ">=0.10.0"
            }
        },
        "node_modules/systemjs": {
            "version": "0.20.19",
            "resolved": "https://registry.npmjs.org/systemjs/-/systemjs-0.20.19.tgz",
            "integrity": "sha1-wrnnnBn0vqU6GbHtP5dP+0Y76Uk="
        },
        "node_modules/tslib": {
            "version": "1.8.0",
            "resolved": "https://registry.npmjs.org/tslib/-/tslib-1.8.0.tgz",
            "integrity": "sha512-ymKWWZJST0/CkgduC2qkzjMOWr4bouhuURNXCn/inEX0L57BnRG6FhX76o7FOnsjHazCjfU2LKeSrlS2sIKQJg=="
        },
        "node_modules/zone.js": {
            "version": "0.8.18",
            "resolved": "https://registry.npmjs.org/zone.js/-/zone.js-0.8.18.tgz",
            "integrity": "sha512-knKOBQM0oea3/x9pdyDuDi7RhxDlJhOIkeixXSiTKWLgs4LpK37iBc+1HaHwzlciHUKT172CymJFKo8Xgh+44Q=="
        }
    },
    "dependencies": {
        "@angular/animations": {
            "version": "5.0.2",
            "resolved": "https://registry.npmjs.org/@angular/animations/-/animations-5.0.2.tgz",
            "integrity": "sha1-bTpzWk+Fw4jaa6P3ddu+YUBKwC0=",
            "requires": {
                "tslib": "^1.7.1"
            }
        },
        "@angular/cdk": {
            "version": "5.0.0-rc0",
            "resolved": "https://registry.npmjs.org/@angular/cdk/-/cdk-5.0.0-rc0.tgz",
            "integrity": "sha1-tyJa8djSPBOsFLvT/hxrQn63E2g=",
            "requires": {
                "tslib": "^1.7.1"
            }
        },
        "@angular/common": {
            "version": "5.0.2",
            "resolved": "https://registry.npmjs.org/@angular/common/-/common-5.0.2.tgz",
            "integrity": "sha1-2AMiFT+qqazKkVUmOKPkfcI3umo=",
            "requires": {
                "tslib": "^1.7.1"
            }
        },
        "@angular/compiler": {
            "version": "5.0.2",
            "resolved": "https://registry.npmjs.org/@angular/compiler/-/compiler-5.0.2.tgz",
            "integrity": "sha1-2GXUNyJ83RYYP4eQCjiJPY9fsTk=",
            "requires": {
                "tslib": "^1.7.1"
            }
        },
        "@angular/core": {
            "version": "5.0.2",
            "resolved": "https://registry.npmjs.org/@angular/core/-/core-5.0.2.tgz",
            "integrity": "sha1-+7VpHRr37GKSSAHIlDlVaTVihUo=",
            "requires": {
                "tslib": "^1.7.1"
            }
        },
        "@angular/forms": {
            "version": "5.0.2",
            "resolved": "https://registry.npmjs.org/@angular/forms/-/forms-5.0.2.tgz",
            "integrity": "sha1-9Mb/JdUXkPYydi6xxQd00XyM9GU=",
            "requires": {
                "tslib": "^1.7.1"
            }
        },
        "@angular/http": {
            "version": "5.0.2",
            "resolved": "https://registry.npmjs.org/@angular/http/-/http-5.0.2.tgz",
            "integrity": "sha1-yzrxUh4U8ECqjKFVTij435tW/eg=",
            "requires": {
                "tslib": "^1.7.1"
            }
        },
        "@angular/material": {
            "version": "5.0.0-rc0",
            "resolved": "https://registry.npmjs.org/@angular/material/-/material-5.0.0-rc0.tgz",
            "integrity": "sha1-034QSihLQQhPkedhOsEZz7YnxW0=",
            "requires": {
                "tslib": "^1.7.1"
            }
        },
        "@angular/platform-browser": {
            "version": "5.0.2",
            "resolved": "https://registry.npmjs.org/@angular/platform-browser/-/platform-browser-5.0.2.tgz",
            "integrity": "sha1-0Quv8DwkN/MIhHnBc9MK/fCxJKk=",
            "requires": {
                "tslib": "^1.7.1"
            }
        },
        "@angular/platform-browser-dynamic": {
            "version": "5.0.2",
            "resolved": "https://registry.npmjs.org/@angular/platform-browser-dynamic/-/platform-browser-dynamic-5.0.2.tgz",
            "integrity": "sha1-iYSn4vxPimdg+aBdlaK7n2sLf5o=",
            "requires": {
                "tslib": "^1.7.1"
            }
        },
        "@angular/router": {
            "version": "5.0.2",
            "resolved": "https://registry.npmjs.org/@angular/router/-/router-5.0.2.tgz",
            "integrity": "sha1-vhBPsJG87EGN09hU+K9koD5cZ50=",
            "requires": {
                "tslib": "^1.7.1"
            }
        },
        "@ng-bootstrap/ng-bootstrap": {
            "version": "1.0.0-beta.5",
            "resolved": "https://registry.npmjs.org/@ng-bootstrap/ng-bootstrap/-/ng-bootstrap-1.0.0-beta.5.tgz",
            "integrity": "sha1-2iuQZrNwGihMrFoWFop33vlHtKs=",
            "requires": {}
        },
        "@types/jquery": {
            "version": "3.2.16",
            "resolved": "https://registry.npmjs.org/@types/jquery/-/jquery-3.2.16.tgz",
            "integrity": "sha512-q2WC02YxQoX2nY1HRKlYGHpGP1saPmD7GN0pwCDlTz35a4eOtJG+aHRlXyjCuXokUukSrR2aXyBhSW3j+jPc0A=="
        },
        "angular-in-memory-web-api": {
            "version": "0.5.1",
            "resolved": "https://registry.npmjs.org/angular-in-memory-web-api/-/angular-in-memory-web-api-0.5.1.tgz",
            "integrity": "sha1-4qIHP+EbwIutcSd0J14nKCY+XOs=",
            "requires": {}
        },
        "core-js": {
            "version": "2.5.1",
            "resolved": "https://registry.npmjs.org/core-js/-/core-js-2.5.1.tgz",
            "integrity": "sha1-rmh03GaTd4m4B1T/VCjfZoGcpQs="
        },
        "hammerjs": {
            "version": "2.0.8",
            "resolved": "https://registry.npmjs.org/hammerjs/-/hammerjs-2.0.8.tgz",
            "integrity": "sha1-BO93hiz/K7edMPdpIJWTAiK/YPE="
        },
        "mydatepicker": {
            "version": "2.5.1",
            "resolved": "https://registry.npmjs.org/mydatepicker/-/mydatepicker-2.5.1.tgz",
            "integrity": "sha1-0aLSriQM00dI8IlLfDboZLJVtow="
        },
        "ngx-order-pipe": {
            "version": "1.1.0",
            "resolved": "https://registry.npmjs.org/ngx-order-pipe/-/ngx-order-pipe-1.1.0.tgz",
            "integrity": "sha512-w4OkUt4CaoOW1+vWjefvuaF8F4Vpi9iSDj+Mt8svpGBW0cTdTRvhTfednbNdnbaAd2ty0xylTBTwYMMHDhqDag==",
            "requires": {}
        },
        "rxjs": {
            "version": "5.5.5",
            "resolved": "https://registry.npmjs.org/rxjs/-/rxjs-5.5.5.tgz",
            "integrity": "sha1-4WTxHTjq8p9W8Iw0R/dP8C3YTpc=",
            "requires": {
                "symbol-observable": "1.0.1"
            },
            "dependencies": {
                "symbol-observable": {
                    "version": "1.0.1",
                    "resolved": "https://registry.npmjs.org/symbol-observable/-/symbol-observable-1.0.1.tgz",
                    "integrity": "sha1-g0D8RwLDEi310iKI+IKD9RPT/dQ="
                }
            }
        },
        "systemjs": {
            "version": "0.20.19",
            "resolved": "https://registry.npmjs.org/systemjs/-/systemjs-0.20.19.tgz",
            "integrity": "sha1-wrnnnBn0vqU6GbHtP5dP+0Y76Uk="
        },
        "tslib": {
            "version": "1.8.0",
            "resolved": "https://registry.npmjs.org/tslib/-/tslib-1.8.0.tgz",
            "integrity": "sha512-ymKWWZJST0/CkgduC2qkzjMOWr4bouhuURNXCn/inEX0L57BnRG6FhX76o7FOnsjHazCjfU2LKeSrlS2sIKQJg=="
        },
        "zone.js": {
            "version": "0.8.18",
            "resolved": "https://registry.npmjs.org/zone.js/-/zone.js-0.8.18.tgz",
            "integrity": "sha512-knKOBQM0oea3/x9pdyDuDi7RhxDlJhOIkeixXSiTKWLgs4LpK37iBc+1HaHwzlciHUKT172CymJFKo8Xgh+44Q=="
        }
    }
}
