{
  "name": "monit95app",
  "version": "1.0.0",
  "lockfileVersion": 1,
  "dependencies": {
    "@angular/animations": {
      "version": "4.4.3",
      "resolved": "https://registry.npmjs.org/@angular/animations/-/animations-4.4.3.tgz",
      "integrity": "sha1-OWxKW/sihH+eRYJFuplfnBMMDPM="
    },
    "@angular/cdk": {
      "version": "2.0.0-beta.11",
      "resolved": "https://registry.npmjs.org/@angular/cdk/-/cdk-2.0.0-beta.11.tgz",
      "integrity": "sha1-ueeZV0eGJyxjtjNMg3xe4kRbyTM="
    },
    "@angular/common": {
      "version": "4.4.3",
      "resolved": "https://registry.npmjs.org/@angular/common/-/common-4.4.3.tgz",
      "integrity": "sha1-+SrGiwK+xfDm02A6hDKU3JbJYHQ="
    },
    "@angular/compiler": {
      "version": "4.4.3",
      "resolved": "https://registry.npmjs.org/@angular/compiler/-/compiler-4.4.3.tgz",
      "integrity": "sha1-jwEWPa19s0CEl9mdOHVUtrGFrWY="
    },
    "@angular/core": {
      "version": "4.4.3",
      "resolved": "https://registry.npmjs.org/@angular/core/-/core-4.4.3.tgz",
      "integrity": "sha1-5x0rB76qy6tIq39R1OIobqXXDhU="
    },
    "@angular/forms": {
      "version": "4.4.3",
      "resolved": "https://registry.npmjs.org/@angular/forms/-/forms-4.4.3.tgz",
      "integrity": "sha1-JbQburWL8dqHJBHIUXwQ18U3PY4="
    },
    "@angular/http": {
      "version": "4.4.3",
      "resolved": "https://registry.npmjs.org/@angular/http/-/http-4.4.3.tgz",
      "integrity": "sha1-tVftJBRKrMRLE2zUd+hNL1eAiQM="
    },
    "@angular/material": {
      "version": "2.0.0-beta.11",
      "resolved": "https://registry.npmjs.org/@angular/material/-/material-2.0.0-beta.11.tgz",
      "integrity": "sha1-kSSh9Q8+t9woZAMX7h6HX3HadTo="
    },
    "@angular/platform-browser": {
      "version": "4.4.3",
      "resolved": "https://registry.npmjs.org/@angular/platform-browser/-/platform-browser-4.4.3.tgz",
      "integrity": "sha1-I/mkW9Pcf0TZeHf7+OYDLez8ncs="
    },
    "@angular/platform-browser-dynamic": {
      "version": "4.4.3",
      "resolved": "https://registry.npmjs.org/@angular/platform-browser-dynamic/-/platform-browser-dynamic-4.4.3.tgz",
      "integrity": "sha1-5B3dglJDJ3UxDqtZQM3Y3wYY8IQ="
    },
    "@angular/router": {
      "version": "4.4.3",
      "resolved": "https://registry.npmjs.org/@angular/router/-/router-4.4.3.tgz",
      "integrity": "sha1-JsyUd1o4YJRq6vHC6PYPTUTpCZE="
    },
    "@ng-bootstrap/ng-bootstrap": {
      "version": "1.0.0-beta.5",
      "resolved": "https://registry.npmjs.org/@ng-bootstrap/ng-bootstrap/-/ng-bootstrap-1.0.0-beta.5.tgz",
      "integrity": "sha1-2iuQZrNwGihMrFoWFop33vlHtKs="
    },
    "@types/jquery": {
      "version": "3.2.16",
      "resolved": "https://registry.npmjs.org/@types/jquery/-/jquery-3.2.16.tgz",
      "integrity": "sha512-q2WC02YxQoX2nY1HRKlYGHpGP1saPmD7GN0pwCDlTz35a4eOtJG+aHRlXyjCuXokUukSrR2aXyBhSW3j+jPc0A=="
    },
    "@types/node": {
      "version": "8.0.26",
      "resolved": "https://registry.npmjs.org/@types/node/-/node-8.0.26.tgz",
      "integrity": "sha512-wbKN0MB4XsjdnSE04HiCzLoBDirGCM6zXrqavSj44nZnPFYpnrTF64E9O6Xmf0ca/IuKK/BHUcXwMiwk92gW6Q==",
      "dev": true
    },
    "angular-in-memory-web-api": {
      "version": "0.4.6",
      "resolved": "https://registry.npmjs.org/angular-in-memory-web-api/-/angular-in-memory-web-api-0.4.6.tgz",
      "integrity": "sha1-EB9Zo4XrFTnH+TB1uv0MHLd061g="
    },
    "angular2-modal": {
      "version": "3.0.3",
      "resolved": "https://registry.npmjs.org/angular2-modal/-/angular2-modal-3.0.3.tgz",
      "integrity": "sha1-yq8VJgAWzYIuFyANV9TcFPH3qeY="
    },
    "core-js": {
      "version": "2.5.1",
      "resolved": "https://registry.npmjs.org/core-js/-/core-js-2.5.1.tgz",
      "integrity": "sha1-rmh03GaTd4m4B1T/VCjfZoGcpQs="
    },
    "mydatepicker": {
      "version": "2.0.29",
      "resolved": "https://registry.npmjs.org/mydatepicker/-/mydatepicker-2.0.29.tgz",
      "integrity": "sha1-7kKBd/JVCovYRUMb270d8z5U6Hc="
    },
    "ngx-order-pipe": {
      "version": "1.1.0",
      "resolved": "https://registry.npmjs.org/ngx-order-pipe/-/ngx-order-pipe-1.1.0.tgz",
      "integrity": "sha512-w4OkUt4CaoOW1+vWjefvuaF8F4Vpi9iSDj+Mt8svpGBW0cTdTRvhTfednbNdnbaAd2ty0xylTBTwYMMHDhqDag=="
    },
    "rxjs": {
      "version": "5.4.3",
      "resolved": "https://registry.npmjs.org/rxjs/-/rxjs-5.4.3.tgz",
      "integrity": "sha1-B1jN3uYDPWjg/VNnbw81ls49SD8="
    },
    "symbol-observable": {
      "version": "1.0.4",
      "resolved": "https://registry.npmjs.org/symbol-observable/-/symbol-observable-1.0.4.tgz",
      "integrity": "sha1-Kb9hXUqnEhvdiYsi1LP5vE4qoD0="
    },
    "systemjs": {
      "version": "0.20.18",
      "resolved": "https://registry.npmjs.org/systemjs/-/systemjs-0.20.18.tgz",
      "integrity": "sha512-i/v5cx79piwoKk+dUMgZ8LNMOc2ieILqCO7XPrulfDzG0dp9+9d3errwBkyb0rUshdmR97noKj9tixNm7itbdA=="
    },
    "tslib": {
      "version": "1.7.1",
      "resolved": "https://registry.npmjs.org/tslib/-/tslib-1.7.1.tgz",
      "integrity": "sha1-vIAEFkaRkjp5/oN4u+s9ogF1OOw="
    },
    "typescript": {
      "version": "2.5.2",
      "resolved": "https://registry.npmjs.org/typescript/-/typescript-2.5.2.tgz",
      "integrity": "sha1-A4qV99m7tCCxvzW6MdTFwd0//jQ=",
      "dev": true
    },
    "zone.js": {
      "version": "0.8.17",
      "resolved": "https://registry.npmjs.org/zone.js/-/zone.js-0.8.17.tgz",
      "integrity": "sha1-TF5RhahX2o2nk9rzkZNxxaNrKgs="
    }
  }
}
