{
    "name": "monit95app",
    "version": "1.0.0",
    "lockfileVersion": 1,
    "requires": true,
    "dependencies": {
        "@angular/animations": {
            "version": "4.4.6",
            "resolved": "https://registry.npmjs.org/@angular/animations/-/animations-4.4.6.tgz",
            "integrity": "sha1-+mYYmaik44y3xYPHpcl85l1ZKjU=",
            "requires": {
                "tslib": "1.8.0"
            }
        },
        "@angular/cdk": {
            "version": "2.0.0-beta.12",
            "resolved": "https://registry.npmjs.org/@angular/cdk/-/cdk-2.0.0-beta.12.tgz",
            "integrity": "sha1-OiQ8tiuT9OA5EgunD5ANyeI1Yi4=",
            "requires": {
                "tslib": "1.8.0"
            }
        },
        "@angular/common": {
            "version": "4.4.6",
            "resolved": "https://registry.npmjs.org/@angular/common/-/common-4.4.6.tgz",
            "integrity": "sha1-S4FCByTggooOg5uVpV6xp+g5GPI=",
            "requires": {
                "tslib": "1.8.0"
            }
        },
        "@angular/compiler": {
            "version": "4.4.6",
            "resolved": "https://registry.npmjs.org/@angular/compiler/-/compiler-4.4.6.tgz",
            "integrity": "sha1-LuH68lt1fh0SiXkHS+f65SmzvCA=",
            "requires": {
                "tslib": "1.8.0"
            }
        },
        "@angular/core": {
            "version": "4.4.6",
            "resolved": "https://registry.npmjs.org/@angular/core/-/core-4.4.6.tgz",
            "integrity": "sha1-EwMf0Q3P5DiHVBmzjyESCVi8I1Q=",
            "requires": {
                "tslib": "1.8.0"
            }
        },
        "@angular/forms": {
            "version": "4.4.6",
            "resolved": "https://registry.npmjs.org/@angular/forms/-/forms-4.4.6.tgz",
            "integrity": "sha1-/mSs5CQ1wbgPSQNLfEHOjK8UpEo=",
            "requires": {
                "tslib": "1.8.0"
            }
        },
        "@angular/http": {
            "version": "4.4.6",
            "resolved": "https://registry.npmjs.org/@angular/http/-/http-4.4.6.tgz",
            "integrity": "sha1-CvaAxnEL3AJtlA4iXP0PalwAXQw=",
            "requires": {
                "tslib": "1.8.0"
            }
        },
        "@angular/material": {
            "version": "2.0.0-beta.12",
            "resolved": "https://registry.npmjs.org/@angular/material/-/material-2.0.0-beta.12.tgz",
            "integrity": "sha1-cbbQt7AhiR5dDjaIwdS9eMdFf1g=",
            "requires": {
                "tslib": "1.8.0"
            }
        },
        "@angular/platform-browser": {
            "version": "4.4.6",
            "resolved": "https://registry.npmjs.org/@angular/platform-browser/-/platform-browser-4.4.6.tgz",
            "integrity": "sha1-qYOcVH4bZU+h0kqJeAyLpquNzOA=",
            "requires": {
                "tslib": "1.8.0"
            }
        },
        "@angular/platform-browser-dynamic": {
            "version": "4.4.6",
            "resolved": "https://registry.npmjs.org/@angular/platform-browser-dynamic/-/platform-browser-dynamic-4.4.6.tgz",
            "integrity": "sha1-TT2aanvyzz3kBYphWuBZ7/ZB+jY=",
            "requires": {
                "tslib": "1.8.0"
            }
        },
        "@angular/router": {
            "version": "4.4.6",
            "resolved": "https://registry.npmjs.org/@angular/router/-/router-4.4.6.tgz",
            "integrity": "sha1-D2rSmuD/jSyeo3m9MgRHIXt+yGY=",
            "requires": {
                "tslib": "1.8.0"
            }
        },
        "@ng-bootstrap/ng-bootstrap": {
            "version": "1.0.0-beta.5",
            "resolved": "https://registry.npmjs.org/@ng-bootstrap/ng-bootstrap/-/ng-bootstrap-1.0.0-beta.5.tgz",
            "integrity": "sha1-2iuQZrNwGihMrFoWFop33vlHtKs="
        },
        "@types/jquery": {
            "version": "3.2.16",
            "resolved": "https://registry.npmjs.org/@types/jquery/-/jquery-3.2.16.tgz",
            "integrity": "sha512-q2WC02YxQoX2nY1HRKlYGHpGP1saPmD7GN0pwCDlTz35a4eOtJG+aHRlXyjCuXokUukSrR2aXyBhSW3j+jPc0A=="
        },
        "angular-in-memory-web-api": {
            "version": "0.4.6",
            "resolved": "https://registry.npmjs.org/angular-in-memory-web-api/-/angular-in-memory-web-api-0.4.6.tgz",
            "integrity": "sha1-EB9Zo4XrFTnH+TB1uv0MHLd061g="
        },
        "angular2-modal": {
            "version": "3.0.3",
            "resolved": "https://registry.npmjs.org/angular2-modal/-/angular2-modal-3.0.3.tgz",
            "integrity": "sha512-1I1lO9NTeIBfwehrDfFVNLiTcCDIfzzCNj72mByCTdtP3oJgkx/s53yX2tV1r2Bg+v44GZjhDsWB5gxvGBKGnA=="
        },
        "core-js": {
            "version": "2.5.1",
            "resolved": "https://registry.npmjs.org/core-js/-/core-js-2.5.1.tgz",
            "integrity": "sha1-rmh03GaTd4m4B1T/VCjfZoGcpQs="
        },
        "mydatepicker": {
            "version": "2.5.1",
            "resolved": "https://registry.npmjs.org/mydatepicker/-/mydatepicker-2.5.1.tgz",
            "integrity": "sha1-0aLSriQM00dI8IlLfDboZLJVtow="
        },
        "ngx-order-pipe": {
            "version": "1.1.0",
            "resolved": "https://registry.npmjs.org/ngx-order-pipe/-/ngx-order-pipe-1.1.0.tgz",
            "integrity": "sha512-w4OkUt4CaoOW1+vWjefvuaF8F4Vpi9iSDj+Mt8svpGBW0cTdTRvhTfednbNdnbaAd2ty0xylTBTwYMMHDhqDag=="
        },
        "rxjs": {
            "version": "5.5.2",
            "resolved": "https://registry.npmjs.org/rxjs/-/rxjs-5.5.2.tgz",
            "integrity": "sha512-oRYoIKWBU3Ic37fLA5VJu31VqQO4bWubRntcHSJ+cwaDQBwdnZ9x4zmhJfm/nFQ2E82/I4loSioHnACamrKGgA==",
            "requires": {
                "symbol-observable": "1.0.4"
            }
        },
        "symbol-observable": {
            "version": "1.0.4",
            "resolved": "https://registry.npmjs.org/symbol-observable/-/symbol-observable-1.0.4.tgz",
            "integrity": "sha1-Kb9hXUqnEhvdiYsi1LP5vE4qoD0="
        },
        "systemjs": {
            "version": "0.20.19",
            "resolved": "https://registry.npmjs.org/systemjs/-/systemjs-0.20.19.tgz",
            "integrity": "sha512-H/rKwNEEyej/+IhkmFNmKFyJul8tbH/muiPq5TyNoVTwsGhUjRsN3NlFnFQUvFXA3+GQmsXkCNXU6QKPl779aw=="
        },
        "tslib": {
            "version": "1.8.0",
            "resolved": "https://registry.npmjs.org/tslib/-/tslib-1.8.0.tgz",
            "integrity": "sha512-ymKWWZJST0/CkgduC2qkzjMOWr4bouhuURNXCn/inEX0L57BnRG6FhX76o7FOnsjHazCjfU2LKeSrlS2sIKQJg=="
        },
        "zone.js": {
            "version": "0.8.18",
            "resolved": "https://registry.npmjs.org/zone.js/-/zone.js-0.8.18.tgz",
            "integrity": "sha512-knKOBQM0oea3/x9pdyDuDi7RhxDlJhOIkeixXSiTKWLgs4LpK37iBc+1HaHwzlciHUKT172CymJFKo8Xgh+44Q=="
        }
    }
}
